
Microsoft Visual Studio Solution File, Format Version 12.00
# Visual Studio 2012
Project("{FAE04EC0-301F-11D3-BF4B-00C04F79EFBC}") = "blog", "blog\blog.csproj", "{79F2BC15-A1EB-4734-AEF6-BBBBF697F606}"
EndProject
Project("{FAE04EC0-301F-11D3-BF4B-00C04F79EFBC}") = "blog.Tests", "blog.Tests\blog.Tests.csproj", "{DB766941-64D4-4882-A600-052CBC0BC202}"
EndProject
Global
	GlobalSection(SolutionConfigurationPlatforms) = preSolution
		Debug|Any CPU = Debug|Any CPU
		Release|Any CPU = Release|Any CPU
	EndGlobalSection
	GlobalSection(ProjectConfigurationPlatforms) = postSolution
		{79F2BC15-A1EB-4734-AEF6-BBBBF697F606}.Debug|Any CPU.ActiveCfg = Debug|Any CPU
		{79F2BC15-A1EB-4734-AEF6-BBBBF697F606}.Debug|Any CPU.Build.0 = Debug|Any CPU
		{79F2BC15-A1EB-4734-AEF6-BBBBF697F606}.Release|Any CPU.ActiveCfg = Release|Any CPU
		{79F2BC15-A1EB-4734-AEF6-BBBBF697F606}.Release|Any CPU.Build.0 = Release|Any CPU
		{DB766941-64D4-4882-A600-052CBC0BC202}.Debug|Any CPU.ActiveCfg = Debug|Any CPU
		{DB766941-64D4-4882-A600-052CBC0BC202}.Debug|Any CPU.Build.0 = Debug|Any CPU
		{DB766941-64D4-4882-A600-052CBC0BC202}.Release|Any CPU.ActiveCfg = Release|Any CPU
		{DB766941-64D4-4882-A600-052CBC0BC202}.Release|Any CPU.Build.0 = Release|Any CPU
	EndGlobalSection
	GlobalSection(SolutionProperties) = preSolution
		HideSolutionNode = FALSE
	EndGlobalSection
EndGlobal
